{
  "object": {
    "pins": [
      {
        "package": "CTulipIndicators",
        "repositoryURL": "https://github.com/lbdl/CTulipIndicatorsPackage.git",
        "state": {
          "branch": null,
          "revision": "277f341a0cdbbb605e9650ffeffd394822d894c3",
          "version": "0.0.2"
        }
      },
      {
        "package": "Nimble",
        "repositoryURL": "https://github.com/Quick/Nimble.git",
        "state": {
          "branch": null,
          "revision": "cd6dfb86f496fcd96ce0bc6da962cd936bf41903",
          "version": "7.3.1"
        }
      },
      {
        "package": "Quick",
        "repositoryURL": "https://github.com/Quick/Quick.git",
        "state": {
          "branch": null,
          "revision": "5fbf13871d185526993130c3a1fad0b70bfe37ce",
          "version": "1.3.2"
        }
      }
    ]
  },
  "version": 1
}
